# @generated - this file is auto-generated by `mise lock` https://mise.jdx.dev/dev-tools/mise-lock.html

[[tools."github:lune-org/lune"]]
version = "0.10.1"
backend = "github:lune-org/lune"

[tools."github:lune-org/lune"."platforms.linux-arm64"]
checksum = "sha256:3037b418224635a3cd22644d3f618cad850f428c86423c750332f4282a253176"
url = "https://github.com/lune-org/lune/releases/download/v0.10.1/lune-0.10.1-linux-aarch64.zip"
url_api = "https://api.github.com/repos/lune-org/lune/releases/assets/273466252"

[tools."github:lune-org/lune"."platforms.linux-arm64-musl"]
checksum = "sha256:3037b418224635a3cd22644d3f618cad850f428c86423c750332f4282a253176"
url = "https://github.com/lune-org/lune/releases/download/v0.10.1/lune-0.10.1-linux-aarch64.zip"
url_api = "https://api.github.com/repos/lune-org/lune/releases/assets/273466252"

[tools."github:lune-org/lune"."platforms.linux-x64"]
checksum = "sha256:27d69f79ba74a1d60cb9324250c0360afef541307610acf20b5e25d309678709"
url = "https://github.com/lune-org/lune/releases/download/v0.10.1/lune-0.10.1-linux-x86_64.zip"
url_api = "https://api.github.com/repos/lune-org/lune/releases/assets/273466250"

[tools."github:lune-org/lune"."platforms.linux-x64-musl"]
checksum = "sha256:27d69f79ba74a1d60cb9324250c0360afef541307610acf20b5e25d309678709"
url = "https://github.com/lune-org/lune/releases/download/v0.10.1/lune-0.10.1-linux-x86_64.zip"
url_api = "https://api.github.com/repos/lune-org/lune/releases/assets/273466250"

[tools."github:lune-org/lune"."platforms.macos-arm64"]
checksum = "sha256:9560913572be0a6b8ccf774adc6127f88f2e3fdbc0a878a2b504dfa24916738f"
url = "https://github.com/lune-org/lune/releases/download/v0.10.1/lune-0.10.1-macos-aarch64.zip"
url_api = "https://api.github.com/repos/lune-org/lune/releases/assets/273466251"

[tools."github:lune-org/lune"."platforms.macos-x64"]
checksum = "sha256:9f5a16a54a0c833e0644e2c8af153e91f9133fb512e8277379474bb1a8a7c7ad"
url = "https://github.com/lune-org/lune/releases/download/v0.10.1/lune-0.10.1-macos-x86_64.zip"
url_api = "https://api.github.com/repos/lune-org/lune/releases/assets/273466249"

[tools."github:lune-org/lune"."platforms.windows-x64"]
checksum = "sha256:06659d284f9d5d25a565047697358204d1abc31bf1c6e5485326785205ba8b93"
url = "https://github.com/lune-org/lune/releases/download/v0.10.1/lune-0.10.1-windows-x86_64.zip"
url_api = "https://api.github.com/repos/lune-org/lune/releases/assets/273466248"

[[tools."github:rojo-rbx/rojo"]]
version = "7.6.1"
backend = "github:rojo-rbx/rojo"

[tools."github:rojo-rbx/rojo"."platforms.linux-arm64"]
checksum = "sha256:3507d880a499478ce651444f51e467ea166abf8d9c1e20d8a8a8b15b7490c22e"
url = "https://github.com/rojo-rbx/rojo/releases/download/v7.6.1/rojo-7.6.1-linux-aarch64.zip"
url_api = "https://api.github.com/repos/rojo-rbx/rojo/releases/assets/313571356"
provenance = "github-attestations"

[tools."github:rojo-rbx/rojo"."platforms.linux-arm64-musl"]
checksum = "sha256:3507d880a499478ce651444f51e467ea166abf8d9c1e20d8a8a8b15b7490c22e"
url = "https://github.com/rojo-rbx/rojo/releases/download/v7.6.1/rojo-7.6.1-linux-aarch64.zip"
url_api = "https://api.github.com/repos/rojo-rbx/rojo/releases/assets/313571356"
provenance = "github-attestations"

[tools."github:rojo-rbx/rojo"."platforms.linux-x64"]
checksum = "sha256:a9542a713036897fdbd0173e7a105ea409658333133c949025fcb6f1a7ca909d"
url = "https://github.com/rojo-rbx/rojo/releases/download/v7.6.1/rojo-7.6.1-linux-x86_64.zip"
url_api = "https://api.github.com/repos/rojo-rbx/rojo/releases/assets/313571919"
provenance = "github-attestations"

[tools."github:rojo-rbx/rojo"."platforms.linux-x64-musl"]
checksum = "sha256:a9542a713036897fdbd0173e7a105ea409658333133c949025fcb6f1a7ca909d"
url = "https://github.com/rojo-rbx/rojo/releases/download/v7.6.1/rojo-7.6.1-linux-x86_64.zip"
url_api = "https://api.github.com/repos/rojo-rbx/rojo/releases/assets/313571919"
provenance = "github-attestations"

[tools."github:rojo-rbx/rojo"."platforms.macos-arm64"]
checksum = "sha256:0755a2cb8a0d8a49d05f9253aba8dd3858fd3474896193bca5a2ffa96c570047"
url = "https://github.com/rojo-rbx/rojo/releases/download/v7.6.1/rojo-7.6.1-macos-aarch64.zip"
url_api = "https://api.github.com/repos/rojo-rbx/rojo/releases/assets/313571976"
provenance = "github-attestations"
provenance_verified = true

[tools."github:rojo-rbx/rojo"."platforms.macos-x64"]
checksum = "sha256:31270fa738e8ae41f16bbdf5a853e6ba0c6de32f8e050f2e7be37b3382fe5e64"
url = "https://github.com/rojo-rbx/rojo/releases/download/v7.6.1/rojo-7.6.1-macos-x86_64.zip"
url_api = "https://api.github.com/repos/rojo-rbx/rojo/releases/assets/313572038"
provenance = "github-attestations"

[tools."github:rojo-rbx/rojo"."platforms.windows-x64"]
checksum = "sha256:e1c9a78193c609720f3afb38057d3909ed483ecbf5e9e3541313ba0dcbc4f1f8"
url = "https://github.com/rojo-rbx/rojo/releases/download/v7.6.1/rojo-7.6.1-windows-x86_64.zip"
url_api = "https://api.github.com/repos/rojo-rbx/rojo/releases/assets/313572385"
provenance = "github-attestations"
